
Microsoft Visual Studio Solution File, Format Version 12.00
# Visual Studio Version 16
VisualStudioVersion = 16.0.29424.173
MinimumVisualStudioVersion = 10.0.40219.1
Project("{9A19103F-16F7-4668-BE54-9A1E7A4F7556}") = "nu3Task", "nu3Task\nu3Task.csproj", "{3BCBA093-6C43-4657-8CEA-573BB98D6150}"
EndProject
Project("{FAE04EC0-301F-11D3-BF4B-00C04F79EFBC}") = "nu3Task.Test", "nu3Task.Test\nu3Task.Test.csproj", "{FB6CF4FD-8C63-4B19-8727-EC19D9628905}"
EndProject
Global
	GlobalSection(SolutionConfigurationPlatforms) = preSolution
		Debug|Any CPU = Debug|Any CPU
		Release|Any CPU = Release|Any CPU
	EndGlobalSection
	GlobalSection(ProjectConfigurationPlatforms) = postSolution
		{3BCBA093-6C43-4657-8CEA-573BB98D6150}.Debug|Any CPU.ActiveCfg = Debug|Any CPU
		{3BCBA093-6C43-4657-8CEA-573BB98D6150}.Debug|Any CPU.Build.0 = Debug|Any CPU
		{3BCBA093-6C43-4657-8CEA-573BB98D6150}.Release|Any CPU.ActiveCfg = Release|Any CPU
		{3BCBA093-6C43-4657-8CEA-573BB98D6150}.Release|Any CPU.Build.0 = Release|Any CPU
		{FB6CF4FD-8C63-4B19-8727-EC19D9628905}.Debug|Any CPU.ActiveCfg = Debug|Any CPU
		{FB6CF4FD-8C63-4B19-8727-EC19D9628905}.Debug|Any CPU.Build.0 = Debug|Any CPU
		{FB6CF4FD-8C63-4B19-8727-EC19D9628905}.Release|Any CPU.ActiveCfg = Release|Any CPU
		{FB6CF4FD-8C63-4B19-8727-EC19D9628905}.Release|Any CPU.Build.0 = Release|Any CPU
	EndGlobalSection
	GlobalSection(SolutionProperties) = preSolution
		HideSolutionNode = FALSE
	EndGlobalSection
	GlobalSection(ExtensibilityGlobals) = postSolution
		SolutionGuid = {DCF9E4EE-37D3-474E-AE11-B0314CFC3048}
	EndGlobalSection
EndGlobal
